# This file is automatically @generated by Poetry 1.4.2 and should not be changed by hand.

[[package]]
name = "pychunk"
version = "1.0.0"
description = "Chunks an iterator"
category = "main"
optional = false
python-versions = "^3.8"
files = []
develop = false

[package.source]
type = "git"
url = "https://github.com/bhavaniravi/pychunk.git"
reference = "HEAD"
resolved_reference = "a99a7d774dc5ece563136aee08f033688892a0ea"

[metadata]
lock-version = "2.0"
python-versions = "^3.10"
content-hash = "839c16b6a95ad9df8c74ba281872390aabeeebba2d6d07d032e5ad1ee9082eea"
